type: rigid_body
integrator: rk4
max_step: 1
z: 2
state_space: 
  min: [-100, -100, -4]
  max: [100, 100, 4]
  scale: [1.0, 1.0, 0.0]
input_control_space:
  min: [-100, -100, -4]
  max: [100, 100, 4]
  scale: [1.0, 1.0, 0.0]
root_geom: body
geometries:
  -
    name: body
    collision_geometry:
      type: box
      dims: [10.0, 40.0 , 4.0]      
      material: blue
  -
    name: leg1
    collision_geometry:
      type: box
      dims: [20.0, 10.0 , 4.0]      
      material: blue
    relative_configuration:
      position: [-15, 15, 0]
      orientation: [0, 0, 0, 1]
  -
    name: leg2
    collision_geometry:
      type: box
      dims: [20.0, 10.0 , 4.0]      
      material: blue
    relative_configuration:
      position: [15, -15, 0]
      orientation: [0, 0, 0, 1]
